// !$*UTF8*$!
{
	archiveVersion = 1;
	classes = {
	};
	objectVersion = 56;
	objects = {

/* Begin PBXBuildFile section */
		E43495E0297DA80B003FFA82 /* TalkExpertApp.swift in Sources */ = {isa = PBXBuildFile; fileRef = E43495DF297DA80B003FFA82 /* TalkExpertApp.swift */; };
		E43495E2297DA80B003FFA82 /* ContentView.swift in Sources */ = {isa = PBXBuildFile; fileRef = E43495E1297DA80B003FFA82 /* ContentView.swift */; };
		E43495E4297DA80C003FFA82 /* Assets.xcassets in Resources */ = {isa = PBXBuildFile; fileRef = E43495E3297DA80C003FFA82 /* Assets.xcassets */; };
		E43495E7297DA80C003FFA82 /* Preview Assets.xcassets in Resources */ = {isa = PBXBuildFile; fileRef = E43495E6297DA80C003FFA82 /* Preview Assets.xcassets */; };
		E43495E9297DA80C003FFA82 /* Persistence.swift in Sources */ = {isa = PBXBuildFile; fileRef = E43495E8297DA80C003FFA82 /* Persistence.swift */; };
		E43495EC297DA80C003FFA82 /* TalkExpert.xcdatamodeld in Sources */ = {isa = PBXBuildFile; fileRef = E43495EA297DA80C003FFA82 /* TalkExpert.xcdatamodeld */; };
		E43495F7297DA80C003FFA82 /* TalkExpertTests.swift in Sources */ = {isa = PBXBuildFile; fileRef = E43495F6297DA80C003FFA82 /* TalkExpertTests.swift */; };
		E4349601297DA80C003FFA82 /* TalkExpertUITests.swift in Sources */ = {isa = PBXBuildFile; fileRef = E4349600297DA80C003FFA82 /* TalkExpertUITests.swift */; };
		E4349603297DA80C003FFA82 /* TalkExpertUITestsLaunchTests.swift in Sources */ = {isa = PBXBuildFile; fileRef = E4349602297DA80C003FFA82 /* TalkExpertUITestsLaunchTests.swift */; };
/* End PBXBuildFile section */

/* Begin PBXContainerItemProxy section */
		E43495F3297DA80C003FFA82 /* PBXContainerItemProxy */ = {
			isa = PBXContainerItemProxy;
			containerPortal = E43495D4297DA80B003FFA82 /* Project object */;
			proxyType = 1;
			remoteGlobalIDString = E43495DB297DA80B003FFA82;
			remoteInfo = TalkExpert;
		};
		E43495FD297DA80C003FFA82 /* PBXContainerItemProxy */ = {
			isa = PBXContainerItemProxy;
			containerPortal = E43495D4297DA80B003FFA82 /* Project object */;
			proxyType = 1;
			remoteGlobalIDString = E43495DB297DA80B003FFA82;
			remoteInfo = TalkExpert;
		};
/* End PBXContainerItemProxy section */

/* Begin PBXFileReference section */
		E43495DC297DA80B003FFA82 /* TalkExpert.app */ = {isa = PBXFileReference; explicitFileType = wrapper.application; includeInIndex = 0; path = TalkExpert.app; sourceTree = BUILT_PRODUCTS_DIR; };
		E43495DF297DA80B003FFA82 /* TalkExpertApp.swift */ = {isa = PBXFileReference; lastKnownFileType = sourcecode.swift; path = TalkExpertApp.swift; sourceTree = "<group>"; };
		E43495E1297DA80B003FFA82 /* ContentView.swift */ = {isa = PBXFileReference; lastKnownFileType = sourcecode.swift; path = ContentView.swift; sourceTree = "<group>"; };
		E43495E3297DA80C003FFA82 /* Assets.xcassets */ = {isa = PBXFileReference; lastKnownFileType = folder.assetcatalog; path = Assets.xcassets; sourceTree = "<group>"; };
		E43495E6297DA80C003FFA82 /* Preview Assets.xcassets */ = {isa = PBXFileReference; lastKnownFileType = folder.assetcatalog; path = "Preview Assets.xcassets"; sourceTree = "<group>"; };
		E43495E8297DA80C003FFA82 /* Persistence.swift */ = {isa = PBXFileReference; lastKnownFileType = sourcecode.swift; path = Persistence.swift; sourceTree = "<group>"; };
		E43495EB297DA80C003FFA82 /* TalkExpert.xcdatamodel */ = {isa = PBXFileReference; lastKnownFileType = wrapper.xcdatamodel; path = TalkExpert.xcdatamodel; sourceTree = "<group>"; };
		E43495ED297DA80C003FFA82 /* Info.plist */ = {isa = PBXFileReference; lastKnownFileType = text.plist.xml; path = Info.plist; sourceTree = "<group>"; };
		E43495F2297DA80C003FFA82 /* TalkExpertTests.xctest */ = {isa = PBXFileReference; explicitFileType = wrapper.cfbundle; includeInIndex = 0; path = TalkExpertTests.xctest; sourceTree = BUILT_PRODUCTS_DIR; };
		E43495F6297DA80C003FFA82 /* TalkExpertTests.swift */ = {isa = PBXFileReference; lastKnownFileType = sourcecode.swift; path = TalkExpertTests.swift; sourceTree = "<group>"; };
		E43495FC297DA80C003FFA82 /* TalkExpertUITests.xctest */ = {isa = PBXFileReference; explicitFileType = wrapper.cfbundle; includeInIndex = 0; path = TalkExpertUITests.xctest; sourceTree = BUILT_PRODUCTS_DIR; };
		E4349600297DA80C003FFA82 /* TalkExpertUITests.swift */ = {isa = PBXFileReference; lastKnownFileType = sourcecode.swift; path = TalkExpertUITests.swift; sourceTree = "<group>"; };
		E4349602297DA80C003FFA82 /* TalkExpertUITestsLaunchTests.swift */ = {isa = PBXFileReference; lastKnownFileType = sourcecode.swift; path = TalkExpertUITestsLaunchTests.swift; sourceTree = "<group>"; };
/* End PBXFileReference section */

/* Begin PBXFrameworksBuildPhase section */
		E43495D9297DA80B003FFA82 /* Frameworks */ = {
			isa = PBXFrameworksBuildPhase;
			buildActionMask = 2147483647;
			files = (
			);
			runOnlyForDeploymentPostprocessing = 0;
		};
		E43495EF297DA80C003FFA82 /* Frameworks */ = {
			isa = PBXFrameworksBuildPhase;
			buildActionMask = 2147483647;
			files = (
			);
			runOnlyForDeploymentPostprocessing = 0;
		};
		E43495F9297DA80C003FFA82 /* Frameworks */ = {
			isa = PBXFrameworksBuildPhase;
			buildActionMask = 2147483647;
			files = (
			);
			runOnlyForDeploymentPostprocessing = 0;
		};
/* End PBXFrameworksBuildPhase section */

/* Begin PBXGroup section */
		E43495D3297DA80B003FFA82 = {
			isa = PBXGroup;
			children = (
				E43495DE297DA80B003FFA82 /* TalkExpert */,
				E43495F5297DA80C003FFA82 /* TalkExpertTests */,
				E43495FF297DA80C003FFA82 /* TalkExpertUITests */,
				E43495DD297DA80B003FFA82 /* Products */,
			);
			sourceTree = "<group>";
		};
		E43495DD297DA80B003FFA82 /* Products */ = {
			isa = PBXGroup;
			children = (
				E43495DC297DA80B003FFA82 /* TalkExpert.app */,
				E43495F2297DA80C003FFA82 /* TalkExpertTests.xctest */,
				E43495FC297DA80C003FFA82 /* TalkExpertUITests.xctest */,
			);
			name = Products;
			sourceTree = "<group>";
		};
		E43495DE297DA80B003FFA82 /* TalkExpert */ = {
			isa = PBXGroup;
			children = (
				E43495DF297DA80B003FFA82 /* TalkExpertApp.swift */,
				E43495E1297DA80B003FFA82 /* ContentView.swift */,
				E43495E3297DA80C003FFA82 /* Assets.xcassets */,
				E43495E8297DA80C003FFA82 /* Persistence.swift */,
				E43495ED297DA80C003FFA82 /* Info.plist */,
				E43495EA297DA80C003FFA82 /* TalkExpert.xcdatamodeld */,
				E43495E5297DA80C003FFA82 /* Preview Content */,
			);
			path = TalkExpert;
			sourceTree = "<group>";
		};
		E43495E5297DA80C003FFA82 /* Preview Content */ = {
			isa = PBXGroup;
			children = (
				E43495E6297DA80C003FFA82 /* Preview Assets.xcassets */,
			);
			path = "Preview Content";
			sourceTree = "<group>";
		};
		E43495F5297DA80C003FFA82 /* TalkExpertTests */ = {
			isa = PBXGroup;
			children = (
				E43495F6297DA80C003FFA82 /* TalkExpertTests.swift */,
			);
			path = TalkExpertTests;
			sourceTree = "<group>";
		};
		E43495FF297DA80C003FFA82 /* TalkExpertUITests */ = {
			isa = PBXGroup;
			children = (
				E4349600297DA80C003FFA82 /* TalkExpertUITests.swift */,
				E4349602297DA80C003FFA82 /* TalkExpertUITestsLaunchTests.swift */,
			);
			path = TalkExpertUITests;
			sourceTree = "<group>";
		};
/* End PBXGroup section */

/* Begin PBXNativeTarget section */
		E43495DB297DA80B003FFA82 /* TalkExpert */ = {
			isa = PBXNativeTarget;
			buildConfigurationList = E4349606297DA80C003FFA82 /* Build configuration list for PBXNativeTarget "TalkExpert" */;
			buildPhases = (
				E43495D8297DA80B003FFA82 /* Sources */,
				E43495D9297DA80B003FFA82 /* Frameworks */,
				E43495DA297DA80B003FFA82 /* Resources */,
			);
			buildRules = (
			);
			dependencies = (
			);
			name = TalkExpert;
			productName = TalkExpert;
			productReference = E43495DC297DA80B003FFA82 /* TalkExpert.app */;
			productType = "com.apple.product-type.application";
		};
		E43495F1297DA80C003FFA82 /* TalkExpertTests */ = {
			isa = PBXNativeTarget;
			buildConfigurationList = E4349609297DA80C003FFA82 /* Build configuration list for PBXNativeTarget "TalkExpertTests" */;
			buildPhases = (
				E43495EE297DA80C003FFA82 /* Sources */,
				E43495EF297DA80C003FFA82 /* Frameworks */,
				E43495F0297DA80C003FFA82 /* Resources */,
			);
			buildRules = (
			);
			dependencies = (
				E43495F4297DA80C003FFA82 /* PBXTargetDependency */,
			);
			name = TalkExpertTests;
			productName = TalkExpertTests;
			productReference = E43495F2297DA80C003FFA82 /* TalkExpertTests.xctest */;
			productType = "com.apple.product-type.bundle.unit-test";
		};
		E43495FB297DA80C003FFA82 /* TalkExpertUITests */ = {
			isa = PBXNativeTarget;
			buildConfigurationList = E434960C297DA80C003FFA82 /* Build configuration list for PBXNativeTarget "TalkExpertUITests" */;
			buildPhases = (
				E43495F8297DA80C003FFA82 /* Sources */,
				E43495F9297DA80C003FFA82 /* Frameworks */,
				E43495FA297DA80C003FFA82 /* Resources */,
			);
			buildRules = (
			);
			dependencies = (
				E43495FE297DA80C003FFA82 /* PBXTargetDependency */,
			);
			name = TalkExpertUITests;
			productName = TalkExpertUITests;
			productReference = E43495FC297DA80C003FFA82 /* TalkExpertUITests.xctest */;
			productType = "com.apple.product-type.bundle.ui-testing";
		};
/* End PBXNativeTarget section */

/* Begin PBXProject section */
		E43495D4297DA80B003FFA82 /* Project object */ = {
			isa = PBXProject;
			attributes = {
				BuildIndependentTargetsInParallel = 1;
				LastSwiftUpdateCheck = 1420;
				LastUpgradeCheck = 1420;
				TargetAttributes = {
					E43495DB297DA80B003FFA82 = {
						CreatedOnToolsVersion = 14.2;
					};
					E43495F1297DA80C003FFA82 = {
						CreatedOnToolsVersion = 14.2;
						TestTargetID = E43495DB297DA80B003FFA82;
					};
					E43495FB297DA80C003FFA82 = {
						CreatedOnToolsVersion = 14.2;
						TestTargetID = E43495DB297DA80B003FFA82;
					};
				};
			};
			buildConfigurationList = E43495D7297DA80B003FFA82 /* Build configuration list for PBXProject "TalkExpert" */;
			compatibilityVersion = "Xcode 14.0";
			developmentRegion = en;
			hasScannedForEncodings = 0;
			knownRegions = (
				en,
				Base,
			);
			mainGroup = E43495D3297DA80B003FFA82;
			productRefGroup = E43495DD297DA80B003FFA82 /* Products */;
			projectDirPath = "";
			projectRoot = "";
			targets = (
				E43495DB297DA80B003FFA82 /* TalkExpert */,
				E43495F1297DA80C003FFA82 /* TalkExpertTests */,
				E43495FB297DA80C003FFA82 /* TalkExpertUITests */,
			);
		};
/* End PBXProject section */

/* Begin PBXResourcesBuildPhase section */
		E43495DA297DA80B003FFA82 /* Resources */ = {
			isa = PBXResourcesBuildPhase;
			buildActionMask = 2147483647;
			files = (
				E43495E7297DA80C003FFA82 /* Preview Assets.xcassets in Resources */,
				E43495E4297DA80C003FFA82 /* Assets.xcassets in Resources */,
			);
			runOnlyForDeploymentPostprocessing = 0;
		};
		E43495F0297DA80C003FFA82 /* Resources */ = {
			isa = PBXResourcesBuildPhase;
			buildActionMask = 2147483647;
			files = (
			);
			runOnlyForDeploymentPostprocessing = 0;
		};
		E43495FA297DA80C003FFA82 /* Resources */ = {
			isa = PBXResourcesBuildPhase;
			buildActionMask = 2147483647;
			files = (
			);
			runOnlyForDeploymentPostprocessing = 0;
		};
/* End PBXResourcesBuildPhase section */

/* Begin PBXSourcesBuildPhase section */
		E43495D8297DA80B003FFA82 /* Sources */ = {
			isa = PBXSourcesBuildPhase;
			buildActionMask = 2147483647;
			files = (
				E43495E9297DA80C003FFA82 /* Persistence.swift in Sources */,
				E43495E2297DA80B003FFA82 /* ContentView.swift in Sources */,
				E43495E0297DA80B003FFA82 /* TalkExpertApp.swift in Sources */,
				E43495EC297DA80C003FFA82 /* TalkExpert.xcdatamodeld in Sources */,
			);
			runOnlyForDeploymentPostprocessing = 0;
		};
		E43495EE297DA80C003FFA82 /* Sources */ = {
			isa = PBXSourcesBuildPhase;
			buildActionMask = 2147483647;
			files = (
				E43495F7297DA80C003FFA82 /* TalkExpertTests.swift in Sources */,
			);
			runOnlyForDeploymentPostprocessing = 0;
		};
		E43495F8297DA80C003FFA82 /* Sources */ = {
			isa = PBXSourcesBuildPhase;
			buildActionMask = 2147483647;
			files = (
				E4349603297DA80C003FFA82 /* TalkExpertUITestsLaunchTests.swift in Sources */,
				E4349601297DA80C003FFA82 /* TalkExpertUITests.swift in Sources */,
			);
			runOnlyForDeploymentPostprocessing = 0;
		};
/* End PBXSourcesBuildPhase section */

/* Begin PBXTargetDependency section */
		E43495F4297DA80C003FFA82 /* PBXTargetDependency */ = {
			isa = PBXTargetDependency;
			target = E43495DB297DA80B003FFA82 /* TalkExpert */;
			targetProxy = E43495F3297DA80C003FFA82 /* PBXContainerItemProxy */;
		};
		E43495FE297DA80C003FFA82 /* PBXTargetDependency */ = {
			isa = PBXTargetDependency;
			target = E43495DB297DA80B003FFA82 /* TalkExpert */;
			targetProxy = E43495FD297DA80C003FFA82 /* PBXContainerItemProxy */;
		};
/* End PBXTargetDependency section */

/* Begin XCBuildConfiguration section */
		E4349604297DA80C003FFA82 /* Debug */ = {
			isa = XCBuildConfiguration;
			buildSettings = {
				ALWAYS_SEARCH_USER_PATHS = NO;
				CLANG_ANALYZER_NONNULL = YES;
				CLANG_ANALYZER_NUMBER_OBJECT_CONVERSION = YES_AGGRESSIVE;
				CLANG_CXX_LANGUAGE_STANDARD = "gnu++20";
				CLANG_ENABLE_MODULES = YES;
				CLANG_ENABLE_OBJC_ARC = YES;
				CLANG_ENABLE_OBJC_WEAK = YES;
				CLANG_WARN_BLOCK_CAPTURE_AUTORELEASING = YES;
				CLANG_WARN_BOOL_CONVERSION = YES;
				CLANG_WARN_COMMA = YES;
				CLANG_WARN_CONSTANT_CONVERSION = YES;
				CLANG_WARN_DEPRECATED_OBJC_IMPLEMENTATIONS = YES;
				CLANG_WARN_DIRECT_OBJC_ISA_USAGE = YES_ERROR;
				CLANG_WARN_DOCUMENTATION_COMMENTS = YES;
				CLANG_WARN_EMPTY_BODY = YES;
				CLANG_WARN_ENUM_CONVERSION = YES;
				CLANG_WARN_INFINITE_RECURSION = YES;
				CLANG_WARN_INT_CONVERSION = YES;
				CLANG_WARN_NON_LITERAL_NULL_CONVERSION = YES;
				CLANG_WARN_OBJC_IMPLICIT_RETAIN_SELF = YES;
				CLANG_WARN_OBJC_LITERAL_CONVERSION = YES;
				CLANG_WARN_OBJC_ROOT_CLASS = YES_ERROR;
				CLANG_WARN_QUOTED_INCLUDE_IN_FRAMEWORK_HEADER = YES;
				CLANG_WARN_RANGE_LOOP_ANALYSIS = YES;
				CLANG_WARN_STRICT_PROTOTYPES = YES;
				CLANG_WARN_SUSPICIOUS_MOVE = YES;
				CLANG_WARN_UNGUARDED_AVAILABILITY = YES_AGGRESSIVE;
				CLANG_WARN_UNREACHABLE_CODE = YES;
				CLANG_WARN__DUPLICATE_METHOD_MATCH = YES;
				COPY_PHASE_STRIP = NO;
				DEBUG_INFORMATION_FORMAT = dwarf;
				ENABLE_STRICT_OBJC_MSGSEND = YES;
				ENABLE_TESTABILITY = YES;
				GCC_C_LANGUAGE_STANDARD = gnu11;
				GCC_DYNAMIC_NO_PIC = NO;
				GCC_NO_COMMON_BLOCKS = YES;
				GCC_OPTIMIZATION_LEVEL = 0;
				GCC_PREPROCESSOR_DEFINITIONS = (
					"DEBUG=1",
					"$(inherited)",
				);
				GCC_WARN_64_TO_32_BIT_CONVERSION = YES;
				GCC_WARN_ABOUT_RETURN_TYPE = YES_ERROR;
				GCC_WARN_UNDECLARED_SELECTOR = YES;
				GCC_WARN_UNINITIALIZED_AUTOS = YES_AGGRESSIVE;
				GCC_WARN_UNUSED_FUNCTION = YES;
				GCC_WARN_UNUSED_VARIABLE = YES;
				IPHONEOS_DEPLOYMENT_TARGET = 16.2;
				MTL_ENABLE_DEBUG_INFO = INCLUDE_SOURCE;
				MTL_FAST_MATH = YES;
				ONLY_ACTIVE_ARCH = YES;
				SDKROOT = iphoneos;
				SWIFT_ACTIVE_COMPILATION_CONDITIONS = DEBUG;
				SWIFT_OPTIMIZATION_LEVEL = "-Onone";
			};
			name = Debug;
		};
		E4349605297DA80C003FFA82 /* Release */ = {
			isa = XCBuildConfiguration;
			buildSettings = {
				ALWAYS_SEARCH_USER_PATHS = NO;
				CLANG_ANALYZER_NONNULL = YES;
				CLANG_ANALYZER_NUMBER_OBJECT_CONVERSION = YES_AGGRESSIVE;
				CLANG_CXX_LANGUAGE_STANDARD = "gnu++20";
				CLANG_ENABLE_MODULES = YES;
				CLANG_ENABLE_OBJC_ARC = YES;
				CLANG_ENABLE_OBJC_WEAK = YES;
				CLANG_WARN_BLOCK_CAPTURE_AUTORELEASING = YES;
				CLANG_WARN_BOOL_CONVERSION = YES;
				CLANG_WARN_COMMA = YES;
				CLANG_WARN_CONSTANT_CONVERSION = YES;
				CLANG_WARN_DEPRECATED_OBJC_IMPLEMENTATIONS = YES;
				CLANG_WARN_DIRECT_OBJC_ISA_USAGE = YES_ERROR;
				CLANG_WARN_DOCUMENTATION_COMMENTS = YES;
				CLANG_WARN_EMPTY_BODY = YES;
				CLANG_WARN_ENUM_CONVERSION = YES;
				CLANG_WARN_INFINITE_RECURSION = YES;
				CLANG_WARN_INT_CONVERSION = YES;
				CLANG_WARN_NON_LITERAL_NULL_CONVERSION = YES;
				CLANG_WARN_OBJC_IMPLICIT_RETAIN_SELF = YES;
				CLANG_WARN_OBJC_LITERAL_CONVERSION = YES;
				CLANG_WARN_OBJC_ROOT_CLASS = YES_ERROR;
				CLANG_WARN_QUOTED_INCLUDE_IN_FRAMEWORK_HEADER = YES;
				CLANG_WARN_RANGE_LOOP_ANALYSIS = YES;
				CLANG_WARN_STRICT_PROTOTYPES = YES;
				CLANG_WARN_SUSPICIOUS_MOVE = YES;
				CLANG_WARN_UNGUARDED_AVAILABILITY = YES_AGGRESSIVE;
				CLANG_WARN_UNREACHABLE_CODE = YES;
				CLANG_WARN__DUPLICATE_METHOD_MATCH = YES;
				COPY_PHASE_STRIP = NO;
				DEBUG_INFORMATION_FORMAT = "dwarf-with-dsym";
				ENABLE_NS_ASSERTIONS = NO;
				ENABLE_STRICT_OBJC_MSGSEND = YES;
				GCC_C_LANGUAGE_STANDARD = gnu11;
				GCC_NO_COMMON_BLOCKS = YES;
				GCC_WARN_64_TO_32_BIT_CONVERSION = YES;
				GCC_WARN_ABOUT_RETURN_TYPE = YES_ERROR;
				GCC_WARN_UNDECLARED_SELECTOR = YES;
				GCC_WARN_UNINITIALIZED_AUTOS = YES_AGGRESSIVE;
				GCC_WARN_UNUSED_FUNCTION = YES;
				GCC_WARN_UNUSED_VARIABLE = YES;
				IPHONEOS_DEPLOYMENT_TARGET = 16.2;
				MTL_ENABLE_DEBUG_INFO = NO;
				MTL_FAST_MATH = YES;
				SDKROOT = iphoneos;
				SWIFT_COMPILATION_MODE = wholemodule;
				SWIFT_OPTIMIZATION_LEVEL = "-O";
				VALIDATE_PRODUCT = YES;
			};
			name = Release;
		};
		E4349607297DA80C003FFA82 /* Debug */ = {
			isa = XCBuildConfiguration;
			buildSettings = {
				ASSETCATALOG_COMPILER_APPICON_NAME = AppIcon;
				ASSETCATALOG_COMPILER_GLOBAL_ACCENT_COLOR_NAME = AccentColor;
				CODE_SIGN_STYLE = Automatic;
				CURRENT_PROJECT_VERSION = 1;
				DEVELOPMENT_ASSET_PATHS = "\"TalkExpert/Preview Content\"";
				DEVELOPMENT_TEAM = ENT89NLKC9;
				ENABLE_PREVIEWS = YES;
				GENERATE_INFOPLIST_FILE = YES;
				INFOPLIST_KEY_UIApplicationSceneManifest_Generation = YES;
				INFOPLIST_KEY_UIApplicationSupportsIndirectInputEvents = YES;
				INFOPLIST_KEY_UILaunchScreen_Generation = YES;
				INFOPLIST_KEY_UISupportedInterfaceOrientations_iPad = "UIInterfaceOrientationPortrait UIInterfaceOrientationPortraitUpsideDown UIInterfaceOrientationLandscapeLeft UIInterfaceOrientationLandscapeRight";
				INFOPLIST_KEY_UISupportedInterfaceOrientations_iPhone = "UIInterfaceOrientationPortrait UIInterfaceOrientationLandscapeLeft UIInterfaceOrientationLandscapeRight";
				LD_RUNPATH_SEARCH_PATHS = (
					"$(inherited)",
					"@executable_path/Frameworks",
				);
				MARKETING_VERSION = 1.0;
				PRODUCT_BUNDLE_IDENTIFIER = com.persukibo.TalkExpert;
				PRODUCT_NAME = "$(TARGET_NAME)";
				SWIFT_EMIT_LOC_STRINGS = YES;
				SWIFT_VERSION = 5.0;
				TARGETED_DEVICE_FAMILY = "1,2";
			};
			name = Debug;
		};
		E4349608297DA80C003FFA82 /* Release */ = {
			isa = XCBuildConfiguration;
			buildSettings = {
				ASSETCATALOG_COMPILER_APPICON_NAME = AppIcon;
				ASSETCATALOG_COMPILER_GLOBAL_ACCENT_COLOR_NAME = AccentColor;
				CODE_SIGN_STYLE = Automatic;
				CURRENT_PROJECT_VERSION = 1;
				DEVELOPMENT_ASSET_PATHS = "\"TalkExpert/Preview Content\"";
				DEVELOPMENT_TEAM = ENT89NLKC9;
				ENABLE_PREVIEWS = YES;
				GENERATE_INFOPLIST_FILE = YES;
				INFOPLIST_KEY_UIApplicationSceneManifest_Generation = YES;
				INFOPLIST_KEY_UIApplicationSupportsIndirectInputEvents = YES;
				INFOPLIST_KEY_UILaunchScreen_Generation = YES;
				INFOPLIST_KEY_UISupportedInterfaceOrientations_iPad = "UIInterfaceOrientationPortrait UIInterfaceOrientationPortraitUpsideDown UIInterfaceOrientationLandscapeLeft UIInterfaceOrientationLandscapeRight";
				INFOPLIST_KEY_UISupportedInterfaceOrientations_iPhone = "UIInterfaceOrientationPortrait UIInterfaceOrientationLandscapeLeft UIInterfaceOrientationLandscapeRight";
				LD_RUNPATH_SEARCH_PATHS = (
					"$(inherited)",
					"@executable_path/Frameworks",
				);
				MARKETING_VERSION = 1.0;
				PRODUCT_BUNDLE_IDENTIFIER = com.persukibo.TalkExpert;
				PRODUCT_NAME = "$(TARGET_NAME)";
				SWIFT_EMIT_LOC_STRINGS = YES;
				SWIFT_VERSION = 5.0;
				TARGETED_DEVICE_FAMILY = "1,2";
			};
			name = Release;
		};
		E434960A297DA80C003FFA82 /* Debug */ = {
			isa = XCBuildConfiguration;
			buildSettings = {
				ALWAYS_EMBED_SWIFT_STANDARD_LIBRARIES = YES;
				BUNDLE_LOADER = "$(TEST_HOST)";
				CODE_SIGN_STYLE = Automatic;
				CURRENT_PROJECT_VERSION = 1;
				DEVELOPMENT_TEAM = ENT89NLKC9;
				GENERATE_INFOPLIST_FILE = YES;
				IPHONEOS_DEPLOYMENT_TARGET = 16.2;
				MARKETING_VERSION = 1.0;
				PRODUCT_BUNDLE_IDENTIFIER = com.persukibo.TalkExpertTests;
				PRODUCT_NAME = "$(TARGET_NAME)";
				SWIFT_EMIT_LOC_STRINGS = NO;
				SWIFT_VERSION = 5.0;
				TARGETED_DEVICE_FAMILY = "1,2";
				TEST_HOST = "$(BUILT_PRODUCTS_DIR)/TalkExpert.app/$(BUNDLE_EXECUTABLE_FOLDER_PATH)/TalkExpert";
			};
			name = Debug;
		};
		E434960B297DA80C003FFA82 /* Release */ = {
			isa = XCBuildConfiguration;
			buildSettings = {
				ALWAYS_EMBED_SWIFT_STANDARD_LIBRARIES = YES;
				BUNDLE_LOADER = "$(TEST_HOST)";
				CODE_SIGN_STYLE = Automatic;
				CURRENT_PROJECT_VERSION = 1;
				DEVELOPMENT_TEAM = ENT89NLKC9;
				GENERATE_INFOPLIST_FILE = YES;
				IPHONEOS_DEPLOYMENT_TARGET = 16.2;
				MARKETING_VERSION = 1.0;
				PRODUCT_BUNDLE_IDENTIFIER = com.persukibo.TalkExpertTests;
				PRODUCT_NAME = "$(TARGET_NAME)";
				SWIFT_EMIT_LOC_STRINGS = NO;
				SWIFT_VERSION = 5.0;
				TARGETED_DEVICE_FAMILY = "1,2";
				TEST_HOST = "$(BUILT_PRODUCTS_DIR)/TalkExpert.app/$(BUNDLE_EXECUTABLE_FOLDER_PATH)/TalkExpert";
			};
			name = Release;
		};
		E434960D297DA80C003FFA82 /* Debug */ = {
			isa = XCBuildConfiguration;
			buildSettings = {
				ALWAYS_EMBED_SWIFT_STANDARD_LIBRARIES = YES;
				CODE_SIGN_STYLE = Automatic;
				CURRENT_PROJECT_VERSION = 1;
				DEVELOPMENT_TEAM = ENT89NLKC9;
				GENERATE_INFOPLIST_FILE = YES;
				MARKETING_VERSION = 1.0;
				PRODUCT_BUNDLE_IDENTIFIER = com.persukibo.TalkExpertUITests;
				PRODUCT_NAME = "$(TARGET_NAME)";
				SWIFT_EMIT_LOC_STRINGS = NO;
				SWIFT_VERSION = 5.0;
				TARGETED_DEVICE_FAMILY = "1,2";
				TEST_TARGET_NAME = TalkExpert;
			};
			name = Debug;
		};
		E434960E297DA80C003FFA82 /* Release */ = {
			isa = XCBuildConfiguration;
			buildSettings = {
				ALWAYS_EMBED_SWIFT_STANDARD_LIBRARIES = YES;
				CODE_SIGN_STYLE = Automatic;
				CURRENT_PROJECT_VERSION = 1;
				DEVELOPMENT_TEAM = ENT89NLKC9;
				GENERATE_INFOPLIST_FILE = YES;
				MARKETING_VERSION = 1.0;
				PRODUCT_BUNDLE_IDENTIFIER = com.persukibo.TalkExpertUITests;
				PRODUCT_NAME = "$(TARGET_NAME)";
				SWIFT_EMIT_LOC_STRINGS = NO;
				SWIFT_VERSION = 5.0;
				TARGETED_DEVICE_FAMILY = "1,2";
				TEST_TARGET_NAME = TalkExpert;
			};
			name = Release;
		};
/* End XCBuildConfiguration section */

/* Begin XCConfigurationList section */
		E43495D7297DA80B003FFA82 /* Build configuration list for PBXProject "TalkExpert" */ = {
			isa = XCConfigurationList;
			buildConfigurations = (
				E4349604297DA80C003FFA82 /* Debug */,
				E4349605297DA80C003FFA82 /* Release */,
			);
			defaultConfigurationIsVisible = 0;
			defaultConfigurationName = Release;
		};
		E4349606297DA80C003FFA82 /* Build configuration list for PBXNativeTarget "TalkExpert" */ = {
			isa = XCConfigurationList;
			buildConfigurations = (
				E4349607297DA80C003FFA82 /* Debug */,
				E4349608297DA80C003FFA82 /* Release */,
			);
			defaultConfigurationIsVisible = 0;
			defaultConfigurationName = Release;
		};
		E4349609297DA80C003FFA82 /* Build configuration list for PBXNativeTarget "TalkExpertTests" */ = {
			isa = XCConfigurationList;
			buildConfigurations = (
				E434960A297DA80C003FFA82 /* Debug */,
				E434960B297DA80C003FFA82 /* Release */,
			);
			defaultConfigurationIsVisible = 0;
			defaultConfigurationName = Release;
		};
		E434960C297DA80C003FFA82 /* Build configuration list for PBXNativeTarget "TalkExpertUITests" */ = {
			isa = XCConfigurationList;
			buildConfigurations = (
				E434960D297DA80C003FFA82 /* Debug */,
				E434960E297DA80C003FFA82 /* Release */,
			);
			defaultConfigurationIsVisible = 0;
			defaultConfigurationName = Release;
		};
/* End XCConfigurationList section */

/* Begin XCVersionGroup section */
		E43495EA297DA80C003FFA82 /* TalkExpert.xcdatamodeld */ = {
			isa = XCVersionGroup;
			children = (
				E43495EB297DA80C003FFA82 /* TalkExpert.xcdatamodel */,
			);
			currentVersion = E43495EB297DA80C003FFA82 /* TalkExpert.xcdatamodel */;
			path = TalkExpert.xcdatamodeld;
			sourceTree = "<group>";
			versionGroupType = wrapper.xcdatamodel;
		};
/* End XCVersionGroup section */
	};
	rootObject = E43495D4297DA80B003FFA82 /* Project object */;
}
